
Microsoft Visual Studio Solution File, Format Version 12.00
# Visual Studio Version 17
VisualStudioVersion = 17.9.34728.123
MinimumVisualStudioVersion = 10.0.40219.1
Project("{9A19103F-16F7-4668-BE54-9A1E7A4F7556}") = "URLShortener", "URLShortener.csproj", "{7298DAAC-55E4-4AF4-984C-63ED12F18481}"
EndProject
Global
	GlobalSection(SolutionConfigurationPlatforms) = preSolution
		Debug|Any CPU = Debug|Any CPU
		Release|Any CPU = Release|Any CPU
	EndGlobalSection
	GlobalSection(ProjectConfigurationPlatforms) = postSolution
		{7298DAAC-55E4-4AF4-984C-63ED12F18481}.Debug|Any CPU.ActiveCfg = Debug|Any CPU
		{7298DAAC-55E4-4AF4-984C-63ED12F18481}.Debug|Any CPU.Build.0 = Debug|Any CPU
		{7298DAAC-55E4-4AF4-984C-63ED12F18481}.Release|Any CPU.ActiveCfg = Release|Any CPU
		{7298DAAC-55E4-4AF4-984C-63ED12F18481}.Release|Any CPU.Build.0 = Release|Any CPU
	EndGlobalSection
	GlobalSection(SolutionProperties) = preSolution
		HideSolutionNode = FALSE
	EndGlobalSection
	GlobalSection(ExtensibilityGlobals) = postSolution
		SolutionGuid = {230D10DE-541E-4808-B4CA-21DA9664CC81}
	EndGlobalSection
EndGlobal
